{
  "name": "seed-sleuth",
  "version": "0.1.0",
  "lockfileVersion": 3,
  "requires": true,
  "packages": {
    "": {
      "name": "seed-sleuth",
      "version": "0.1.0",
      "license": "MIT",
      "bin": {
        "seed-sleuth": "bin/seed-sleuth.js"
      },
      "engines": {
        "node": ">=20"
      }
    }
  }
}
